
Microsoft Visual Studio Solution File, Format Version 15.00
# Visual Studio 2017
Project("{FAE04EC0-301F-11D3-BF4B-00C04F79EFBC}") = "coolComputers", "coolComputers.csproj", "{887AF2BF-3522-48E1-8DCE-5F7921A94091}"
EndProject
Global
	GlobalSection(SolutionConfigurationPlatforms) = preSolution
		Debug|Any CPU = Debug|Any CPU
		Release|Any CPU = Release|Any CPU
	EndGlobalSection
	GlobalSection(ProjectConfigurationPlatforms) = postSolution
		{887AF2BF-3522-48E1-8DCE-5F7921A94091}.Debug|Any CPU.ActiveCfg = Debug|Any CPU
		{887AF2BF-3522-48E1-8DCE-5F7921A94091}.Debug|Any CPU.Build.0 = Debug|Any CPU
		{887AF2BF-3522-48E1-8DCE-5F7921A94091}.Release|Any CPU.ActiveCfg = Release|Any CPU
		{887AF2BF-3522-48E1-8DCE-5F7921A94091}.Release|Any CPU.Build.0 = Release|Any CPU
	EndGlobalSection
EndGlobal
